// !$*UTF8*$!
{
	archiveVersion = 1;
	classes = {
	};
	objectVersion = 50;
	objects = {

/* Begin PBXBuildFile section */
		4680622B2220EEBE00603C05 /* UIImage+Extensions.swift in Sources */ = {isa = PBXBuildFile; fileRef = 4680622A2220EEBE00603C05 /* UIImage+Extensions.swift */; };
		46AD0000221B9D81005CE76B /* Jost-600-SemiItalic.ttf in Resources */ = {isa = PBXBuildFile; fileRef = 46ADFFEE221B9D7E005CE76B /* Jost-600-SemiItalic.ttf */; };
		46AD0001221B9D81005CE76B /* Jost-800-HeavyItalic.ttf in Resources */ = {isa = PBXBuildFile; fileRef = 46ADFFEF221B9D7F005CE76B /* Jost-800-HeavyItalic.ttf */; };
		46AD0002221B9D81005CE76B /* Jost-500-MediumItalic.ttf in Resources */ = {isa = PBXBuildFile; fileRef = 46ADFFF0221B9D7F005CE76B /* Jost-500-MediumItalic.ttf */; };
		46AD0003221B9D81005CE76B /* Jost-800-Heavy.ttf in Resources */ = {isa = PBXBuildFile; fileRef = 46ADFFF1221B9D7F005CE76B /* Jost-800-Heavy.ttf */; };
		46AD0004221B9D81005CE76B /* Jost-400-BookItalic.ttf in Resources */ = {isa = PBXBuildFile; fileRef = 46ADFFF2221B9D7F005CE76B /* Jost-400-BookItalic.ttf */; };
		46AD0005221B9D81005CE76B /* Jost-400-Book.ttf in Resources */ = {isa = PBXBuildFile; fileRef = 46ADFFF3221B9D7F005CE76B /* Jost-400-Book.ttf */; };
		46AD0006221B9D81005CE76B /* Jost-100-HairlineItalic.ttf in Resources */ = {isa = PBXBuildFile; fileRef = 46ADFFF4221B9D7F005CE76B /* Jost-100-HairlineItalic.ttf */; };
		46AD0007221B9D81005CE76B /* Jost-700-BoldItalic.ttf in Resources */ = {isa = PBXBuildFile; fileRef = 46ADFFF5221B9D7F005CE76B /* Jost-700-BoldItalic.ttf */; };
		46AD0008221B9D81005CE76B /* Jost-200-ThinItalic.ttf in Resources */ = {isa = PBXBuildFile; fileRef = 46ADFFF6221B9D80005CE76B /* Jost-200-ThinItalic.ttf */; };
		46AD0009221B9D81005CE76B /* Jost-900-Black.ttf in Resources */ = {isa = PBXBuildFile; fileRef = 46ADFFF7221B9D80005CE76B /* Jost-900-Black.ttf */; };
		46AD000A221B9D81005CE76B /* Jost-100-Hairline.ttf in Resources */ = {isa = PBXBuildFile; fileRef = 46ADFFF8221B9D80005CE76B /* Jost-100-Hairline.ttf */; };
		46AD000B221B9D81005CE76B /* Jost-900-BlackItalic.ttf in Resources */ = {isa = PBXBuildFile; fileRef = 46ADFFF9221B9D80005CE76B /* Jost-900-BlackItalic.ttf */; };
		46AD000C221B9D81005CE76B /* Jost-600-Semi.ttf in Resources */ = {isa = PBXBuildFile; fileRef = 46ADFFFA221B9D80005CE76B /* Jost-600-Semi.ttf */; };
		46AD000D221B9D81005CE76B /* Jost-200-Thin.ttf in Resources */ = {isa = PBXBuildFile; fileRef = 46ADFFFB221B9D80005CE76B /* Jost-200-Thin.ttf */; };
		46AD000E221B9D81005CE76B /* Jost-300-Light.ttf in Resources */ = {isa = PBXBuildFile; fileRef = 46ADFFFC221B9D80005CE76B /* Jost-300-Light.ttf */; };
		46AD000F221B9D81005CE76B /* Jost-700-Bold.ttf in Resources */ = {isa = PBXBuildFile; fileRef = 46ADFFFD221B9D81005CE76B /* Jost-700-Bold.ttf */; };
		46AD0012221B9DC6005CE76B /* UIColor+QRQuiz.swift in Sources */ = {isa = PBXBuildFile; fileRef = 46AD0011221B9DC6005CE76B /* UIColor+QRQuiz.swift */; };
		46AD0014221BA51C005CE76B /* UIView+Shadow.swift in Sources */ = {isa = PBXBuildFile; fileRef = 46AD0013221BA51C005CE76B /* UIView+Shadow.swift */; };
		46AD0016221BA580005CE76B /* UINavigationController+Extensions.swift in Sources */ = {isa = PBXBuildFile; fileRef = 46AD0015221BA580005CE76B /* UINavigationController+Extensions.swift */; };
		46ADFFFE221B9D81005CE76B /* Jost-300-LightItalic.ttf in Resources */ = {isa = PBXBuildFile; fileRef = 46ADFFEC221B9D7E005CE76B /* Jost-300-LightItalic.ttf */; };
		46ADFFFF221B9D81005CE76B /* Jost-500-Medium.ttf in Resources */ = {isa = PBXBuildFile; fileRef = 46ADFFED221B9D7E005CE76B /* Jost-500-Medium.ttf */; };
		60868B934E219996DCF589DB /* Pods_QRQuiz.framework in Frameworks */ = {isa = PBXBuildFile; fileRef = 66E3B543C12169F0DB93C421 /* Pods_QRQuiz.framework */; };
		CA3BDF6E2217C510000D497D /* AppDelegate.swift in Sources */ = {isa = PBXBuildFile; fileRef = CA3BDF6D2217C510000D497D /* AppDelegate.swift */; };
		CA3BDF732217C510000D497D /* Main.storyboard in Resources */ = {isa = PBXBuildFile; fileRef = CA3BDF712217C510000D497D /* Main.storyboard */; };
		CA3BDF752217C513000D497D /* Assets.xcassets in Resources */ = {isa = PBXBuildFile; fileRef = CA3BDF742217C513000D497D /* Assets.xcassets */; };
		CA3BDF782217C513000D497D /* LaunchScreen.storyboard in Resources */ = {isa = PBXBuildFile; fileRef = CA3BDF762217C513000D497D /* LaunchScreen.storyboard */; };
		CA3BDF802217C670000D497D /* GoogleService-Info.plist in Resources */ = {isa = PBXBuildFile; fileRef = CA3BDF7F2217C670000D497D /* GoogleService-Info.plist */; };
		CA3BDF862217C9C6000D497D /* Member.swift in Sources */ = {isa = PBXBuildFile; fileRef = CA3BDF852217C9C6000D497D /* Member.swift */; };
		CA3BDF8C2217CA6D000D497D /* LoginViewController.swift in Sources */ = {isa = PBXBuildFile; fileRef = CA3BDF8B2217CA6D000D497D /* LoginViewController.swift */; };
		CA3BDF8E2217CA89000D497D /* LoginTableViewCell.swift in Sources */ = {isa = PBXBuildFile; fileRef = CA3BDF8D2217CA89000D497D /* LoginTableViewCell.swift */; };
		CA3BDF902217CC65000D497D /* UserManager.swift in Sources */ = {isa = PBXBuildFile; fileRef = CA3BDF8F2217CC65000D497D /* UserManager.swift */; };
		CA3BDF9622182FAB000D497D /* CircleImageView.swift in Sources */ = {isa = PBXBuildFile; fileRef = CA3BDF9522182FAB000D497D /* CircleImageView.swift */; };
		CA3BDF9822183072000D497D /* TopViewController.swift in Sources */ = {isa = PBXBuildFile; fileRef = CA3BDF9722183072000D497D /* TopViewController.swift */; };
		CA3BDF9C221ABFEC000D497D /* LogoutTableViewController.swift in Sources */ = {isa = PBXBuildFile; fileRef = CA3BDF9B221ABFEC000D497D /* LogoutTableViewController.swift */; };
		CA3BDF9E221AC121000D497D /* GroupManager.swift in Sources */ = {isa = PBXBuildFile; fileRef = CA3BDF9D221AC121000D497D /* GroupManager.swift */; };
		CA3BDFA0221AC196000D497D /* Group.swift in Sources */ = {isa = PBXBuildFile; fileRef = CA3BDF9F221AC196000D497D /* Group.swift */; };
		CA3BDFA2221AF758000D497D /* QuizManager.swift in Sources */ = {isa = PBXBuildFile; fileRef = CA3BDFA1221AF758000D497D /* QuizManager.swift */; };
		CA3BDFA4221AF781000D497D /* QuizCollection.swift in Sources */ = {isa = PBXBuildFile; fileRef = CA3BDFA3221AF781000D497D /* QuizCollection.swift */; };
		CAB8D47E221BB606000F30FB /* Quiz.swift in Sources */ = {isa = PBXBuildFile; fileRef = CAB8D47D221BB606000F30FB /* Quiz.swift */; };
		CAB8D480221BD70F000F30FB /* TopCollectionViewCell.swift in Sources */ = {isa = PBXBuildFile; fileRef = CAB8D47F221BD70F000F30FB /* TopCollectionViewCell.swift */; };
		CAB8D485221BEE2D000F30FB /* QuizViewController.swift in Sources */ = {isa = PBXBuildFile; fileRef = CAB8D484221BEE2D000F30FB /* QuizViewController.swift */; };
		CAB8D487221BF112000F30FB /* ViewControllerState.swift in Sources */ = {isa = PBXBuildFile; fileRef = CAB8D486221BF112000F30FB /* ViewControllerState.swift */; };
		CAB8D489221C2CB8000F30FB /* ResultViewController.swift in Sources */ = {isa = PBXBuildFile; fileRef = CAB8D488221C2CB8000F30FB /* ResultViewController.swift */; };
		CAB8D48B22205299000F30FB /* QRScaner.swift in Sources */ = {isa = PBXBuildFile; fileRef = CAB8D48A22205299000F30FB /* QRScaner.swift */; };
		CAB8D48D222052CB000F30FB /* QRScanViewController.swift in Sources */ = {isa = PBXBuildFile; fileRef = CAB8D48C222052CB000F30FB /* QRScanViewController.swift */; };
/* End PBXBuildFile section */

/* Begin PBXFileReference section */
		010A2E171994F2A96A1E0C2E /* Pods-QRQuiz.debug.xcconfig */ = {isa = PBXFileReference; includeInIndex = 1; lastKnownFileType = text.xcconfig; name = "Pods-QRQuiz.debug.xcconfig"; path = "Pods/Target Support Files/Pods-QRQuiz/Pods-QRQuiz.debug.xcconfig"; sourceTree = "<group>"; };
		4680622A2220EEBE00603C05 /* UIImage+Extensions.swift */ = {isa = PBXFileReference; lastKnownFileType = sourcecode.swift; path = "UIImage+Extensions.swift"; sourceTree = "<group>"; };
		46AD0011221B9DC6005CE76B /* UIColor+QRQuiz.swift */ = {isa = PBXFileReference; lastKnownFileType = sourcecode.swift; path = "UIColor+QRQuiz.swift"; sourceTree = "<group>"; };
		46AD0013221BA51C005CE76B /* UIView+Shadow.swift */ = {isa = PBXFileReference; lastKnownFileType = sourcecode.swift; path = "UIView+Shadow.swift"; sourceTree = "<group>"; };
		46AD0015221BA580005CE76B /* UINavigationController+Extensions.swift */ = {isa = PBXFileReference; lastKnownFileType = sourcecode.swift; path = "UINavigationController+Extensions.swift"; sourceTree = "<group>"; };
		46ADFFEC221B9D7E005CE76B /* Jost-300-LightItalic.ttf */ = {isa = PBXFileReference; lastKnownFileType = file; path = "Jost-300-LightItalic.ttf"; sourceTree = "<group>"; };
		46ADFFED221B9D7E005CE76B /* Jost-500-Medium.ttf */ = {isa = PBXFileReference; lastKnownFileType = file; path = "Jost-500-Medium.ttf"; sourceTree = "<group>"; };
		46ADFFEE221B9D7E005CE76B /* Jost-600-SemiItalic.ttf */ = {isa = PBXFileReference; lastKnownFileType = file; path = "Jost-600-SemiItalic.ttf"; sourceTree = "<group>"; };
		46ADFFEF221B9D7F005CE76B /* Jost-800-HeavyItalic.ttf */ = {isa = PBXFileReference; lastKnownFileType = file; path = "Jost-800-HeavyItalic.ttf"; sourceTree = "<group>"; };
		46ADFFF0221B9D7F005CE76B /* Jost-500-MediumItalic.ttf */ = {isa = PBXFileReference; lastKnownFileType = file; path = "Jost-500-MediumItalic.ttf"; sourceTree = "<group>"; };
		46ADFFF1221B9D7F005CE76B /* Jost-800-Heavy.ttf */ = {isa = PBXFileReference; lastKnownFileType = file; path = "Jost-800-Heavy.ttf"; sourceTree = "<group>"; };
		46ADFFF2221B9D7F005CE76B /* Jost-400-BookItalic.ttf */ = {isa = PBXFileReference; lastKnownFileType = file; path = "Jost-400-BookItalic.ttf"; sourceTree = "<group>"; };
		46ADFFF3221B9D7F005CE76B /* Jost-400-Book.ttf */ = {isa = PBXFileReference; lastKnownFileType = file; path = "Jost-400-Book.ttf"; sourceTree = "<group>"; };
		46ADFFF4221B9D7F005CE76B /* Jost-100-HairlineItalic.ttf */ = {isa = PBXFileReference; lastKnownFileType = file; path = "Jost-100-HairlineItalic.ttf"; sourceTree = "<group>"; };
		46ADFFF5221B9D7F005CE76B /* Jost-700-BoldItalic.ttf */ = {isa = PBXFileReference; lastKnownFileType = file; path = "Jost-700-BoldItalic.ttf"; sourceTree = "<group>"; };
		46ADFFF6221B9D80005CE76B /* Jost-200-ThinItalic.ttf */ = {isa = PBXFileReference; lastKnownFileType = file; path = "Jost-200-ThinItalic.ttf"; sourceTree = "<group>"; };
		46ADFFF7221B9D80005CE76B /* Jost-900-Black.ttf */ = {isa = PBXFileReference; lastKnownFileType = file; path = "Jost-900-Black.ttf"; sourceTree = "<group>"; };
		46ADFFF8221B9D80005CE76B /* Jost-100-Hairline.ttf */ = {isa = PBXFileReference; lastKnownFileType = file; path = "Jost-100-Hairline.ttf"; sourceTree = "<group>"; };
		46ADFFF9221B9D80005CE76B /* Jost-900-BlackItalic.ttf */ = {isa = PBXFileReference; lastKnownFileType = file; path = "Jost-900-BlackItalic.ttf"; sourceTree = "<group>"; };
		46ADFFFA221B9D80005CE76B /* Jost-600-Semi.ttf */ = {isa = PBXFileReference; lastKnownFileType = file; path = "Jost-600-Semi.ttf"; sourceTree = "<group>"; };
		46ADFFFB221B9D80005CE76B /* Jost-200-Thin.ttf */ = {isa = PBXFileReference; lastKnownFileType = file; path = "Jost-200-Thin.ttf"; sourceTree = "<group>"; };
		46ADFFFC221B9D80005CE76B /* Jost-300-Light.ttf */ = {isa = PBXFileReference; lastKnownFileType = file; path = "Jost-300-Light.ttf"; sourceTree = "<group>"; };
		46ADFFFD221B9D81005CE76B /* Jost-700-Bold.ttf */ = {isa = PBXFileReference; lastKnownFileType = file; path = "Jost-700-Bold.ttf"; sourceTree = "<group>"; };
		66E3B543C12169F0DB93C421 /* Pods_QRQuiz.framework */ = {isa = PBXFileReference; explicitFileType = wrapper.framework; includeInIndex = 0; path = Pods_QRQuiz.framework; sourceTree = BUILT_PRODUCTS_DIR; };
		AD510E4BF272142C84A29818 /* Pods-QRQuiz.release.xcconfig */ = {isa = PBXFileReference; includeInIndex = 1; lastKnownFileType = text.xcconfig; name = "Pods-QRQuiz.release.xcconfig"; path = "Pods/Target Support Files/Pods-QRQuiz/Pods-QRQuiz.release.xcconfig"; sourceTree = "<group>"; };
		CA3BDF6A2217C510000D497D /* QRQuiz.app */ = {isa = PBXFileReference; explicitFileType = wrapper.application; includeInIndex = 0; path = QRQuiz.app; sourceTree = BUILT_PRODUCTS_DIR; };
		CA3BDF6D2217C510000D497D /* AppDelegate.swift */ = {isa = PBXFileReference; lastKnownFileType = sourcecode.swift; path = AppDelegate.swift; sourceTree = "<group>"; };
		CA3BDF722217C510000D497D /* Base */ = {isa = PBXFileReference; lastKnownFileType = file.storyboard; name = Base; path = Base.lproj/Main.storyboard; sourceTree = "<group>"; };
		CA3BDF742217C513000D497D /* Assets.xcassets */ = {isa = PBXFileReference; lastKnownFileType = folder.assetcatalog; path = Assets.xcassets; sourceTree = "<group>"; };
		CA3BDF772217C513000D497D /* Base */ = {isa = PBXFileReference; lastKnownFileType = file.storyboard; name = Base; path = Base.lproj/LaunchScreen.storyboard; sourceTree = "<group>"; };
		CA3BDF792217C513000D497D /* Info.plist */ = {isa = PBXFileReference; lastKnownFileType = text.plist.xml; path = Info.plist; sourceTree = "<group>"; };
		CA3BDF7F2217C670000D497D /* GoogleService-Info.plist */ = {isa = PBXFileReference; fileEncoding = 4; lastKnownFileType = text.plist.xml; path = "GoogleService-Info.plist"; sourceTree = "<group>"; };
		CA3BDF852217C9C6000D497D /* Member.swift */ = {isa = PBXFileReference; lastKnownFileType = sourcecode.swift; path = Member.swift; sourceTree = "<group>"; };
		CA3BDF8B2217CA6D000D497D /* LoginViewController.swift */ = {isa = PBXFileReference; lastKnownFileType = sourcecode.swift; path = LoginViewController.swift; sourceTree = "<group>"; };
		CA3BDF8D2217CA89000D497D /* LoginTableViewCell.swift */ = {isa = PBXFileReference; lastKnownFileType = sourcecode.swift; path = LoginTableViewCell.swift; sourceTree = "<group>"; };
		CA3BDF8F2217CC65000D497D /* UserManager.swift */ = {isa = PBXFileReference; lastKnownFileType = sourcecode.swift; path = UserManager.swift; sourceTree = "<group>"; };
		CA3BDF9522182FAB000D497D /* CircleImageView.swift */ = {isa = PBXFileReference; lastKnownFileType = sourcecode.swift; path = CircleImageView.swift; sourceTree = "<group>"; };
		CA3BDF9722183072000D497D /* TopViewController.swift */ = {isa = PBXFileReference; lastKnownFileType = sourcecode.swift; path = TopViewController.swift; sourceTree = "<group>"; };
		CA3BDF9B221ABFEC000D497D /* LogoutTableViewController.swift */ = {isa = PBXFileReference; lastKnownFileType = sourcecode.swift; path = LogoutTableViewController.swift; sourceTree = "<group>"; };
		CA3BDF9D221AC121000D497D /* GroupManager.swift */ = {isa = PBXFileReference; lastKnownFileType = sourcecode.swift; path = GroupManager.swift; sourceTree = "<group>"; };
		CA3BDF9F221AC196000D497D /* Group.swift */ = {isa = PBXFileReference; lastKnownFileType = sourcecode.swift; path = Group.swift; sourceTree = "<group>"; };
		CA3BDFA1221AF758000D497D /* QuizManager.swift */ = {isa = PBXFileReference; lastKnownFileType = sourcecode.swift; path = QuizManager.swift; sourceTree = "<group>"; };
		CA3BDFA3221AF781000D497D /* QuizCollection.swift */ = {isa = PBXFileReference; lastKnownFileType = sourcecode.swift; path = QuizCollection.swift; sourceTree = "<group>"; };
		CAB8D47D221BB606000F30FB /* Quiz.swift */ = {isa = PBXFileReference; lastKnownFileType = sourcecode.swift; path = Quiz.swift; sourceTree = "<group>"; };
		CAB8D47F221BD70F000F30FB /* TopCollectionViewCell.swift */ = {isa = PBXFileReference; lastKnownFileType = sourcecode.swift; path = TopCollectionViewCell.swift; sourceTree = "<group>"; };
		CAB8D484221BEE2D000F30FB /* QuizViewController.swift */ = {isa = PBXFileReference; lastKnownFileType = sourcecode.swift; path = QuizViewController.swift; sourceTree = "<group>"; };
		CAB8D486221BF112000F30FB /* ViewControllerState.swift */ = {isa = PBXFileReference; lastKnownFileType = sourcecode.swift; path = ViewControllerState.swift; sourceTree = "<group>"; };
		CAB8D488221C2CB8000F30FB /* ResultViewController.swift */ = {isa = PBXFileReference; lastKnownFileType = sourcecode.swift; path = ResultViewController.swift; sourceTree = "<group>"; };
		CAB8D48A22205299000F30FB /* QRScaner.swift */ = {isa = PBXFileReference; lastKnownFileType = sourcecode.swift; path = QRScaner.swift; sourceTree = "<group>"; };
		CAB8D48C222052CB000F30FB /* QRScanViewController.swift */ = {isa = PBXFileReference; lastKnownFileType = sourcecode.swift; path = QRScanViewController.swift; sourceTree = "<group>"; };
/* End PBXFileReference section */

/* Begin PBXFrameworksBuildPhase section */
		CA3BDF672217C510000D497D /* Frameworks */ = {
			isa = PBXFrameworksBuildPhase;
			buildActionMask = 2147483647;
			files = (
				60868B934E219996DCF589DB /* Pods_QRQuiz.framework in Frameworks */,
			);
			runOnlyForDeploymentPostprocessing = 0;
		};
/* End PBXFrameworksBuildPhase section */

/* Begin PBXGroup section */
		46AD0010221B9DAF005CE76B /* Extensions */ = {
			isa = PBXGroup;
			children = (
				46AD0011221B9DC6005CE76B /* UIColor+QRQuiz.swift */,
				46AD0013221BA51C005CE76B /* UIView+Shadow.swift */,
				46AD0015221BA580005CE76B /* UINavigationController+Extensions.swift */,
				4680622A2220EEBE00603C05 /* UIImage+Extensions.swift */,
			);
			path = Extensions;
			sourceTree = "<group>";
		};
		46ADFFEB221B9D4A005CE76B /* Assets */ = {
			isa = PBXGroup;
			children = (
				46ADFFF8221B9D80005CE76B /* Jost-100-Hairline.ttf */,
				46ADFFF4221B9D7F005CE76B /* Jost-100-HairlineItalic.ttf */,
				46ADFFFB221B9D80005CE76B /* Jost-200-Thin.ttf */,
				46ADFFF6221B9D80005CE76B /* Jost-200-ThinItalic.ttf */,
				46ADFFFC221B9D80005CE76B /* Jost-300-Light.ttf */,
				46ADFFEC221B9D7E005CE76B /* Jost-300-LightItalic.ttf */,
				46ADFFF3221B9D7F005CE76B /* Jost-400-Book.ttf */,
				46ADFFF2221B9D7F005CE76B /* Jost-400-BookItalic.ttf */,
				46ADFFED221B9D7E005CE76B /* Jost-500-Medium.ttf */,
				46ADFFF0221B9D7F005CE76B /* Jost-500-MediumItalic.ttf */,
				46ADFFFA221B9D80005CE76B /* Jost-600-Semi.ttf */,
				46ADFFEE221B9D7E005CE76B /* Jost-600-SemiItalic.ttf */,
				46ADFFFD221B9D81005CE76B /* Jost-700-Bold.ttf */,
				46ADFFF5221B9D7F005CE76B /* Jost-700-BoldItalic.ttf */,
				46ADFFF1221B9D7F005CE76B /* Jost-800-Heavy.ttf */,
				46ADFFEF221B9D7F005CE76B /* Jost-800-HeavyItalic.ttf */,
				46ADFFF7221B9D80005CE76B /* Jost-900-Black.ttf */,
				46ADFFF9221B9D80005CE76B /* Jost-900-BlackItalic.ttf */,
			);
			path = Assets;
			sourceTree = "<group>";
		};
		CA3BDF612217C510000D497D = {
			isa = PBXGroup;
			children = (
				CA3BDF6C2217C510000D497D /* QRQuiz */,
				CA3BDF6B2217C510000D497D /* Products */,
				CD0B02AAAD9BC44627256F72 /* Pods */,
				F0764BEAE68F662B2FA24542 /* Frameworks */,
			);
			sourceTree = "<group>";
		};
		CA3BDF6B2217C510000D497D /* Products */ = {
			isa = PBXGroup;
			children = (
				CA3BDF6A2217C510000D497D /* QRQuiz.app */,
			);
			name = Products;
			sourceTree = "<group>";
		};
		CA3BDF6C2217C510000D497D /* QRQuiz */ = {
			isa = PBXGroup;
			children = (
				46AD0010221B9DAF005CE76B /* Extensions */,
				46ADFFEB221B9D4A005CE76B /* Assets */,
				CA3BDF8A2217CA61000D497D /* login */,
				CA3BDF6D2217C510000D497D /* AppDelegate.swift */,
				CAB8D481221BD71A000F30FB /* Top */,
				CA3BDF712217C510000D497D /* Main.storyboard */,
				CA3BDF742217C513000D497D /* Assets.xcassets */,
				CA3BDF762217C513000D497D /* LaunchScreen.storyboard */,
				CA3BDF792217C513000D497D /* Info.plist */,
				CA3BDF7F2217C670000D497D /* GoogleService-Info.plist */,
				CA3BDF8F2217CC65000D497D /* UserManager.swift */,
				CA3BDF852217C9C6000D497D /* Member.swift */,
				CA3BDF9522182FAB000D497D /* CircleImageView.swift */,
				CAB8D482221BD725000F30FB /* Quiz */,
				CAB8D483221BD734000F30FB /* Group */,
				CAB8D484221BEE2D000F30FB /* QuizViewController.swift */,
				CAB8D488221C2CB8000F30FB /* ResultViewController.swift */,
				CAB8D48A22205299000F30FB /* QRScaner.swift */,
				CAB8D48C222052CB000F30FB /* QRScanViewController.swift */,
			);
			path = QRQuiz;
			sourceTree = "<group>";
		};
		CA3BDF8A2217CA61000D497D /* login */ = {
			isa = PBXGroup;
			children = (
				CA3BDF8B2217CA6D000D497D /* LoginViewController.swift */,
				CA3BDF8D2217CA89000D497D /* LoginTableViewCell.swift */,
			);
			path = login;
			sourceTree = "<group>";
		};
		CAB8D481221BD71A000F30FB /* Top */ = {
			isa = PBXGroup;
			children = (
				CA3BDF9722183072000D497D /* TopViewController.swift */,
				CAB8D47F221BD70F000F30FB /* TopCollectionViewCell.swift */,
				CA3BDF9B221ABFEC000D497D /* LogoutTableViewController.swift */,
			);
			path = Top;
			sourceTree = "<group>";
		};
		CAB8D482221BD725000F30FB /* Quiz */ = {
			isa = PBXGroup;
			children = (
				CA3BDFA1221AF758000D497D /* QuizManager.swift */,
				CA3BDFA3221AF781000D497D /* QuizCollection.swift */,
				CAB8D47D221BB606000F30FB /* Quiz.swift */,
			);
			path = Quiz;
			sourceTree = "<group>";
		};
		CAB8D483221BD734000F30FB /* Group */ = {
			isa = PBXGroup;
			children = (
				CA3BDF9D221AC121000D497D /* GroupManager.swift */,
				CA3BDF9F221AC196000D497D /* Group.swift */,
				CAB8D486221BF112000F30FB /* ViewControllerState.swift */,
			);
			path = Group;
			sourceTree = "<group>";
		};
		CD0B02AAAD9BC44627256F72 /* Pods */ = {
			isa = PBXGroup;
			children = (
				010A2E171994F2A96A1E0C2E /* Pods-QRQuiz.debug.xcconfig */,
				AD510E4BF272142C84A29818 /* Pods-QRQuiz.release.xcconfig */,
			);
			name = Pods;
			sourceTree = "<group>";
		};
		F0764BEAE68F662B2FA24542 /* Frameworks */ = {
			isa = PBXGroup;
			children = (
				66E3B543C12169F0DB93C421 /* Pods_QRQuiz.framework */,
			);
			name = Frameworks;
			sourceTree = "<group>";
		};
/* End PBXGroup section */

/* Begin PBXNativeTarget section */
		CA3BDF692217C510000D497D /* QRQuiz */ = {
			isa = PBXNativeTarget;
			buildConfigurationList = CA3BDF7C2217C513000D497D /* Build configuration list for PBXNativeTarget "QRQuiz" */;
			buildPhases = (
				1D166E94A1387E14E4CC5B11 /* [CP] Check Pods Manifest.lock */,
				CA3BDF662217C510000D497D /* Sources */,
				CA3BDF672217C510000D497D /* Frameworks */,
				CA3BDF682217C510000D497D /* Resources */,
				677850538A62E401F69FF96C /* [CP] Embed Pods Frameworks */,
				E50919DCD2A3E16287469A5D /* [CP] Copy Pods Resources */,
			);
			buildRules = (
			);
			dependencies = (
			);
			name = QRQuiz;
			productName = QRQuiz;
			productReference = CA3BDF6A2217C510000D497D /* QRQuiz.app */;
			productType = "com.apple.product-type.application";
		};
/* End PBXNativeTarget section */

/* Begin PBXProject section */
		CA3BDF622217C510000D497D /* Project object */ = {
			isa = PBXProject;
			attributes = {
				LastSwiftUpdateCheck = 1010;
				LastUpgradeCheck = 1010;
				ORGANIZATIONNAME = "張翔";
				TargetAttributes = {
					CA3BDF692217C510000D497D = {
						CreatedOnToolsVersion = 10.1;
					};
				};
			};
			buildConfigurationList = CA3BDF652217C510000D497D /* Build configuration list for PBXProject "QRQuiz" */;
			compatibilityVersion = "Xcode 9.3";
			developmentRegion = en;
			hasScannedForEncodings = 0;
			knownRegions = (
				en,
				Base,
			);
			mainGroup = CA3BDF612217C510000D497D;
			productRefGroup = CA3BDF6B2217C510000D497D /* Products */;
			projectDirPath = "";
			projectRoot = "";
			targets = (
				CA3BDF692217C510000D497D /* QRQuiz */,
			);
		};
/* End PBXProject section */

/* Begin PBXResourcesBuildPhase section */
		CA3BDF682217C510000D497D /* Resources */ = {
			isa = PBXResourcesBuildPhase;
			buildActionMask = 2147483647;
			files = (
				46AD0004221B9D81005CE76B /* Jost-400-BookItalic.ttf in Resources */,
				CA3BDF782217C513000D497D /* LaunchScreen.storyboard in Resources */,
				46AD000E221B9D81005CE76B /* Jost-300-Light.ttf in Resources */,
				46AD0000221B9D81005CE76B /* Jost-600-SemiItalic.ttf in Resources */,
				CA3BDF802217C670000D497D /* GoogleService-Info.plist in Resources */,
				46AD000F221B9D81005CE76B /* Jost-700-Bold.ttf in Resources */,
				46AD0003221B9D81005CE76B /* Jost-800-Heavy.ttf in Resources */,
				46AD000A221B9D81005CE76B /* Jost-100-Hairline.ttf in Resources */,
				CA3BDF752217C513000D497D /* Assets.xcassets in Resources */,
				CA3BDF732217C510000D497D /* Main.storyboard in Resources */,
				46ADFFFE221B9D81005CE76B /* Jost-300-LightItalic.ttf in Resources */,
				46AD0005221B9D81005CE76B /* Jost-400-Book.ttf in Resources */,
				46AD000D221B9D81005CE76B /* Jost-200-Thin.ttf in Resources */,
				46AD0007221B9D81005CE76B /* Jost-700-BoldItalic.ttf in Resources */,
				46AD000C221B9D81005CE76B /* Jost-600-Semi.ttf in Resources */,
				46ADFFFF221B9D81005CE76B /* Jost-500-Medium.ttf in Resources */,
				46AD0002221B9D81005CE76B /* Jost-500-MediumItalic.ttf in Resources */,
				46AD0006221B9D81005CE76B /* Jost-100-HairlineItalic.ttf in Resources */,
				46AD0008221B9D81005CE76B /* Jost-200-ThinItalic.ttf in Resources */,
				46AD0009221B9D81005CE76B /* Jost-900-Black.ttf in Resources */,
				46AD000B221B9D81005CE76B /* Jost-900-BlackItalic.ttf in Resources */,
				46AD0001221B9D81005CE76B /* Jost-800-HeavyItalic.ttf in Resources */,
			);
			runOnlyForDeploymentPostprocessing = 0;
		};
/* End PBXResourcesBuildPhase section */

/* Begin PBXShellScriptBuildPhase section */
		1D166E94A1387E14E4CC5B11 /* [CP] Check Pods Manifest.lock */ = {
			isa = PBXShellScriptBuildPhase;
			buildActionMask = 2147483647;
			files = (
			);
			inputFileListPaths = (
			);
			inputPaths = (
				"${PODS_PODFILE_DIR_PATH}/Podfile.lock",
				"${PODS_ROOT}/Manifest.lock",
			);
			name = "[CP] Check Pods Manifest.lock";
			outputFileListPaths = (
			);
			outputPaths = (
				"$(DERIVED_FILE_DIR)/Pods-QRQuiz-checkManifestLockResult.txt",
			);
			runOnlyForDeploymentPostprocessing = 0;
			shellPath = /bin/sh;
			shellScript = "diff \"${PODS_PODFILE_DIR_PATH}/Podfile.lock\" \"${PODS_ROOT}/Manifest.lock\" > /dev/null\nif [ $? != 0 ] ; then\n    # print error to STDERR\n    echo \"error: The sandbox is not in sync with the Podfile.lock. Run 'pod install' or update your CocoaPods installation.\" >&2\n    exit 1\nfi\n# This output is used by Xcode 'outputs' to avoid re-running this script phase.\necho \"SUCCESS\" > \"${SCRIPT_OUTPUT_FILE_0}\"\n";
			showEnvVarsInLog = 0;
		};
		677850538A62E401F69FF96C /* [CP] Embed Pods Frameworks */ = {
			isa = PBXShellScriptBuildPhase;
			buildActionMask = 2147483647;
			files = (
			);
			inputFileListPaths = (
			);
			inputPaths = (
				"${SRCROOT}/Pods/Target Support Files/Pods-QRQuiz/Pods-QRQuiz-frameworks.sh",
				"${BUILT_PRODUCTS_DIR}/BoringSSL/openssl.framework",
				"${BUILT_PRODUCTS_DIR}/GTMSessionFetcher/GTMSessionFetcher.framework",
				"${BUILT_PRODUCTS_DIR}/GoogleUtilities/GoogleUtilities.framework",
				"${BUILT_PRODUCTS_DIR}/Protobuf/Protobuf.framework",
				"${BUILT_PRODUCTS_DIR}/RxAtomic/RxAtomic.framework",
				"${BUILT_PRODUCTS_DIR}/RxCocoa/RxCocoa.framework",
				"${BUILT_PRODUCTS_DIR}/RxSwift/RxSwift.framework",
				"${BUILT_PRODUCTS_DIR}/SDWebImage/SDWebImage.framework",
				"${BUILT_PRODUCTS_DIR}/gRPC-C++/grpcpp.framework",
				"${BUILT_PRODUCTS_DIR}/gRPC-Core/grpc.framework",
				"${BUILT_PRODUCTS_DIR}/leveldb-library/leveldb.framework",
				"${BUILT_PRODUCTS_DIR}/nanopb/nanopb.framework",
			);
			name = "[CP] Embed Pods Frameworks";
			outputFileListPaths = (
			);
			outputPaths = (
				"${TARGET_BUILD_DIR}/${FRAMEWORKS_FOLDER_PATH}/openssl.framework",
				"${TARGET_BUILD_DIR}/${FRAMEWORKS_FOLDER_PATH}/GTMSessionFetcher.framework",
				"${TARGET_BUILD_DIR}/${FRAMEWORKS_FOLDER_PATH}/GoogleUtilities.framework",
				"${TARGET_BUILD_DIR}/${FRAMEWORKS_FOLDER_PATH}/Protobuf.framework",
				"${TARGET_BUILD_DIR}/${FRAMEWORKS_FOLDER_PATH}/RxAtomic.framework",
				"${TARGET_BUILD_DIR}/${FRAMEWORKS_FOLDER_PATH}/RxCocoa.framework",
				"${TARGET_BUILD_DIR}/${FRAMEWORKS_FOLDER_PATH}/RxSwift.framework",
				"${TARGET_BUILD_DIR}/${FRAMEWORKS_FOLDER_PATH}/SDWebImage.framework",
				"${TARGET_BUILD_DIR}/${FRAMEWORKS_FOLDER_PATH}/grpcpp.framework",
				"${TARGET_BUILD_DIR}/${FRAMEWORKS_FOLDER_PATH}/grpc.framework",
				"${TARGET_BUILD_DIR}/${FRAMEWORKS_FOLDER_PATH}/leveldb.framework",
				"${TARGET_BUILD_DIR}/${FRAMEWORKS_FOLDER_PATH}/nanopb.framework",
			);
			runOnlyForDeploymentPostprocessing = 0;
			shellPath = /bin/sh;
			shellScript = "\"${SRCROOT}/Pods/Target Support Files/Pods-QRQuiz/Pods-QRQuiz-frameworks.sh\"\n";
			showEnvVarsInLog = 0;
		};
		E50919DCD2A3E16287469A5D /* [CP] Copy Pods Resources */ = {
			isa = PBXShellScriptBuildPhase;
			buildActionMask = 2147483647;
			files = (
			);
			inputFileListPaths = (
			);
			inputPaths = (
				"${SRCROOT}/Pods/Target Support Files/Pods-QRQuiz/Pods-QRQuiz-resources.sh",
				"${PODS_CONFIGURATION_BUILD_DIR}/FirebaseFirestore/gRPCCertificates-Firestore.bundle",
			);
			name = "[CP] Copy Pods Resources";
			outputFileListPaths = (
			);
			outputPaths = (
				"${TARGET_BUILD_DIR}/${UNLOCALIZED_RESOURCES_FOLDER_PATH}/gRPCCertificates-Firestore.bundle",
			);
			runOnlyForDeploymentPostprocessing = 0;
			shellPath = /bin/sh;
			shellScript = "\"${SRCROOT}/Pods/Target Support Files/Pods-QRQuiz/Pods-QRQuiz-resources.sh\"\n";
			showEnvVarsInLog = 0;
		};
/* End PBXShellScriptBuildPhase section */

/* Begin PBXSourcesBuildPhase section */
		CA3BDF662217C510000D497D /* Sources */ = {
			isa = PBXSourcesBuildPhase;
			buildActionMask = 2147483647;
			files = (
				CAB8D480221BD70F000F30FB /* TopCollectionViewCell.swift in Sources */,
				46AD0014221BA51C005CE76B /* UIView+Shadow.swift in Sources */,
				CAB8D48D222052CB000F30FB /* QRScanViewController.swift in Sources */,
				CA3BDF902217CC65000D497D /* UserManager.swift in Sources */,
				CA3BDF8C2217CA6D000D497D /* LoginViewController.swift in Sources */,
				CA3BDF9E221AC121000D497D /* GroupManager.swift in Sources */,
				CA3BDFA0221AC196000D497D /* Group.swift in Sources */,
				CA3BDFA4221AF781000D497D /* QuizCollection.swift in Sources */,
				CA3BDF9622182FAB000D497D /* CircleImageView.swift in Sources */,
				CA3BDF9C221ABFEC000D497D /* LogoutTableViewController.swift in Sources */,
				CA3BDF9822183072000D497D /* TopViewController.swift in Sources */,
				CA3BDFA2221AF758000D497D /* QuizManager.swift in Sources */,
				CA3BDF6E2217C510000D497D /* AppDelegate.swift in Sources */,
				CAB8D487221BF112000F30FB /* ViewControllerState.swift in Sources */,
				46AD0012221B9DC6005CE76B /* UIColor+QRQuiz.swift in Sources */,
				CA3BDF862217C9C6000D497D /* Member.swift in Sources */,
				4680622B2220EEBE00603C05 /* UIImage+Extensions.swift in Sources */,
				CAB8D489221C2CB8000F30FB /* ResultViewController.swift in Sources */,
				46AD0016221BA580005CE76B /* UINavigationController+Extensions.swift in Sources */,
				CAB8D485221BEE2D000F30FB /* QuizViewController.swift in Sources */,
				CAB8D48B22205299000F30FB /* QRScaner.swift in Sources */,
				CAB8D47E221BB606000F30FB /* Quiz.swift in Sources */,
				CA3BDF8E2217CA89000D497D /* LoginTableViewCell.swift in Sources */,
			);
			runOnlyForDeploymentPostprocessing = 0;
		};
/* End PBXSourcesBuildPhase section */

/* Begin PBXVariantGroup section */
		CA3BDF712217C510000D497D /* Main.storyboard */ = {
			isa = PBXVariantGroup;
			children = (
				CA3BDF722217C510000D497D /* Base */,
			);
			name = Main.storyboard;
			sourceTree = "<group>";
		};
		CA3BDF762217C513000D497D /* LaunchScreen.storyboard */ = {
			isa = PBXVariantGroup;
			children = (
				CA3BDF772217C513000D497D /* Base */,
			);
			name = LaunchScreen.storyboard;
			sourceTree = "<group>";
		};
/* End PBXVariantGroup section */

/* Begin XCBuildConfiguration section */
		CA3BDF7A2217C513000D497D /* Debug */ = {
			isa = XCBuildConfiguration;
			buildSettings = {
				ALWAYS_SEARCH_USER_PATHS = NO;
				CLANG_ANALYZER_NONNULL = YES;
				CLANG_ANALYZER_NUMBER_OBJECT_CONVERSION = YES_AGGRESSIVE;
				CLANG_CXX_LANGUAGE_STANDARD = "gnu++14";
				CLANG_CXX_LIBRARY = "libc++";
				CLANG_ENABLE_MODULES = YES;
				CLANG_ENABLE_OBJC_ARC = YES;
				CLANG_ENABLE_OBJC_WEAK = YES;
				CLANG_WARN_BLOCK_CAPTURE_AUTORELEASING = YES;
				CLANG_WARN_BOOL_CONVERSION = YES;
				CLANG_WARN_COMMA = YES;
				CLANG_WARN_CONSTANT_CONVERSION = YES;
				CLANG_WARN_DEPRECATED_OBJC_IMPLEMENTATIONS = YES;
				CLANG_WARN_DIRECT_OBJC_ISA_USAGE = YES_ERROR;
				CLANG_WARN_DOCUMENTATION_COMMENTS = YES;
				CLANG_WARN_EMPTY_BODY = YES;
				CLANG_WARN_ENUM_CONVERSION = YES;
				CLANG_WARN_INFINITE_RECURSION = YES;
				CLANG_WARN_INT_CONVERSION = YES;
				CLANG_WARN_NON_LITERAL_NULL_CONVERSION = YES;
				CLANG_WARN_OBJC_IMPLICIT_RETAIN_SELF = YES;
				CLANG_WARN_OBJC_LITERAL_CONVERSION = YES;
				CLANG_WARN_OBJC_ROOT_CLASS = YES_ERROR;
				CLANG_WARN_RANGE_LOOP_ANALYSIS = YES;
				CLANG_WARN_STRICT_PROTOTYPES = YES;
				CLANG_WARN_SUSPICIOUS_MOVE = YES;
				CLANG_WARN_UNGUARDED_AVAILABILITY = YES_AGGRESSIVE;
				CLANG_WARN_UNREACHABLE_CODE = YES;
				CLANG_WARN__DUPLICATE_METHOD_MATCH = YES;
				CODE_SIGN_IDENTITY = "iPhone Developer";
				COPY_PHASE_STRIP = NO;
				DEBUG_INFORMATION_FORMAT = dwarf;
				ENABLE_STRICT_OBJC_MSGSEND = YES;
				ENABLE_TESTABILITY = YES;
				GCC_C_LANGUAGE_STANDARD = gnu11;
				GCC_DYNAMIC_NO_PIC = NO;
				GCC_NO_COMMON_BLOCKS = YES;
				GCC_OPTIMIZATION_LEVEL = 0;
				GCC_PREPROCESSOR_DEFINITIONS = (
					"DEBUG=1",
					"$(inherited)",
				);
				GCC_WARN_64_TO_32_BIT_CONVERSION = YES;
				GCC_WARN_ABOUT_RETURN_TYPE = YES_ERROR;
				GCC_WARN_UNDECLARED_SELECTOR = YES;
				GCC_WARN_UNINITIALIZED_AUTOS = YES_AGGRESSIVE;
				GCC_WARN_UNUSED_FUNCTION = YES;
				GCC_WARN_UNUSED_VARIABLE = YES;
				IPHONEOS_DEPLOYMENT_TARGET = 12.1;
				MTL_ENABLE_DEBUG_INFO = INCLUDE_SOURCE;
				MTL_FAST_MATH = YES;
				ONLY_ACTIVE_ARCH = YES;
				SDKROOT = iphoneos;
				SWIFT_ACTIVE_COMPILATION_CONDITIONS = DEBUG;
				SWIFT_OPTIMIZATION_LEVEL = "-Onone";
			};
			name = Debug;
		};
		CA3BDF7B2217C513000D497D /* Release */ = {
			isa = XCBuildConfiguration;
			buildSettings = {
				ALWAYS_SEARCH_USER_PATHS = NO;
				CLANG_ANALYZER_NONNULL = YES;
				CLANG_ANALYZER_NUMBER_OBJECT_CONVERSION = YES_AGGRESSIVE;
				CLANG_CXX_LANGUAGE_STANDARD = "gnu++14";
				CLANG_CXX_LIBRARY = "libc++";
				CLANG_ENABLE_MODULES = YES;
				CLANG_ENABLE_OBJC_ARC = YES;
				CLANG_ENABLE_OBJC_WEAK = YES;
				CLANG_WARN_BLOCK_CAPTURE_AUTORELEASING = YES;
				CLANG_WARN_BOOL_CONVERSION = YES;
				CLANG_WARN_COMMA = YES;
				CLANG_WARN_CONSTANT_CONVERSION = YES;
				CLANG_WARN_DEPRECATED_OBJC_IMPLEMENTATIONS = YES;
				CLANG_WARN_DIRECT_OBJC_ISA_USAGE = YES_ERROR;
				CLANG_WARN_DOCUMENTATION_COMMENTS = YES;
				CLANG_WARN_EMPTY_BODY = YES;
				CLANG_WARN_ENUM_CONVERSION = YES;
				CLANG_WARN_INFINITE_RECURSION = YES;
				CLANG_WARN_INT_CONVERSION = YES;
				CLANG_WARN_NON_LITERAL_NULL_CONVERSION = YES;
				CLANG_WARN_OBJC_IMPLICIT_RETAIN_SELF = YES;
				CLANG_WARN_OBJC_LITERAL_CONVERSION = YES;
				CLANG_WARN_OBJC_ROOT_CLASS = YES_ERROR;
				CLANG_WARN_RANGE_LOOP_ANALYSIS = YES;
				CLANG_WARN_STRICT_PROTOTYPES = YES;
				CLANG_WARN_SUSPICIOUS_MOVE = YES;
				CLANG_WARN_UNGUARDED_AVAILABILITY = YES_AGGRESSIVE;
				CLANG_WARN_UNREACHABLE_CODE = YES;
				CLANG_WARN__DUPLICATE_METHOD_MATCH = YES;
				CODE_SIGN_IDENTITY = "iPhone Developer";
				COPY_PHASE_STRIP = NO;
				DEBUG_INFORMATION_FORMAT = "dwarf-with-dsym";
				ENABLE_NS_ASSERTIONS = NO;
				ENABLE_STRICT_OBJC_MSGSEND = YES;
				GCC_C_LANGUAGE_STANDARD = gnu11;
				GCC_NO_COMMON_BLOCKS = YES;
				GCC_WARN_64_TO_32_BIT_CONVERSION = YES;
				GCC_WARN_ABOUT_RETURN_TYPE = YES_ERROR;
				GCC_WARN_UNDECLARED_SELECTOR = YES;
				GCC_WARN_UNINITIALIZED_AUTOS = YES_AGGRESSIVE;
				GCC_WARN_UNUSED_FUNCTION = YES;
				GCC_WARN_UNUSED_VARIABLE = YES;
				IPHONEOS_DEPLOYMENT_TARGET = 12.1;
				MTL_ENABLE_DEBUG_INFO = NO;
				MTL_FAST_MATH = YES;
				SDKROOT = iphoneos;
				SWIFT_COMPILATION_MODE = wholemodule;
				SWIFT_OPTIMIZATION_LEVEL = "-O";
				VALIDATE_PRODUCT = YES;
			};
			name = Release;
		};
		CA3BDF7D2217C513000D497D /* Debug */ = {
			isa = XCBuildConfiguration;
			baseConfigurationReference = 010A2E171994F2A96A1E0C2E /* Pods-QRQuiz.debug.xcconfig */;
			buildSettings = {
				ASSETCATALOG_COMPILER_APPICON_NAME = AppIcon;
				CODE_SIGN_STYLE = Automatic;
				DEVELOPMENT_TEAM = BV8VP6YGE9;
				INFOPLIST_FILE = QRQuiz/Info.plist;
				LD_RUNPATH_SEARCH_PATHS = (
					"$(inherited)",
					"@executable_path/Frameworks",
				);
				PRODUCT_BUNDLE_IDENTIFIER = jp.swimme.QRQuiz;
				PRODUCT_NAME = "$(TARGET_NAME)";
				SWIFT_VERSION = 4.2;
				TARGETED_DEVICE_FAMILY = "1,2";
			};
			name = Debug;
		};
		CA3BDF7E2217C513000D497D /* Release */ = {
			isa = XCBuildConfiguration;
			baseConfigurationReference = AD510E4BF272142C84A29818 /* Pods-QRQuiz.release.xcconfig */;
			buildSettings = {
				ASSETCATALOG_COMPILER_APPICON_NAME = AppIcon;
				CODE_SIGN_STYLE = Automatic;
				DEVELOPMENT_TEAM = BV8VP6YGE9;
				INFOPLIST_FILE = QRQuiz/Info.plist;
				LD_RUNPATH_SEARCH_PATHS = (
					"$(inherited)",
					"@executable_path/Frameworks",
				);
				PRODUCT_BUNDLE_IDENTIFIER = jp.swimme.QRQuiz;
				PRODUCT_NAME = "$(TARGET_NAME)";
				SWIFT_VERSION = 4.2;
				TARGETED_DEVICE_FAMILY = "1,2";
			};
			name = Release;
		};
/* End XCBuildConfiguration section */

/* Begin XCConfigurationList section */
		CA3BDF652217C510000D497D /* Build configuration list for PBXProject "QRQuiz" */ = {
			isa = XCConfigurationList;
			buildConfigurations = (
				CA3BDF7A2217C513000D497D /* Debug */,
				CA3BDF7B2217C513000D497D /* Release */,
			);
			defaultConfigurationIsVisible = 0;
			defaultConfigurationName = Release;
		};
		CA3BDF7C2217C513000D497D /* Build configuration list for PBXNativeTarget "QRQuiz" */ = {
			isa = XCConfigurationList;
			buildConfigurations = (
				CA3BDF7D2217C513000D497D /* Debug */,
				CA3BDF7E2217C513000D497D /* Release */,
			);
			defaultConfigurationIsVisible = 0;
			defaultConfigurationName = Release;
		};
/* End XCConfigurationList section */
	};
	rootObject = CA3BDF622217C510000D497D /* Project object */;
}
